// !$*UTF8*$!
{
	archiveVersion = 1;
	classes = {
	};
	objectVersion = 56;
	objects = {

/* Begin PBXBuildFile section */
		7510BF2F2A8D76FE00419FAB /* RestApi_CrudAppApp.swift in Sources */ = {isa = PBXBuildFile; fileRef = 7510BF2E2A8D76FE00419FAB /* RestApi_CrudAppApp.swift */; };
		7510BF312A8D76FE00419FAB /* ContentView.swift in Sources */ = {isa = PBXBuildFile; fileRef = 7510BF302A8D76FE00419FAB /* ContentView.swift */; };
		7510BF332A8D770000419FAB /* Assets.xcassets in Resources */ = {isa = PBXBuildFile; fileRef = 7510BF322A8D770000419FAB /* Assets.xcassets */; };
		7510BF372A8D770000419FAB /* Preview Assets.xcassets in Resources */ = {isa = PBXBuildFile; fileRef = 7510BF362A8D770000419FAB /* Preview Assets.xcassets */; };
		7510BF432A8D77AC00419FAB /* UserModel.swift in Sources */ = {isa = PBXBuildFile; fileRef = 7510BF422A8D77AC00419FAB /* UserModel.swift */; };
		7510BF452A8D77B200419FAB /* PostModel.swift in Sources */ = {isa = PBXBuildFile; fileRef = 7510BF442A8D77B200419FAB /* PostModel.swift */; };
		7510BF472A8D77BB00419FAB /* Response.swift in Sources */ = {isa = PBXBuildFile; fileRef = 7510BF462A8D77BB00419FAB /* Response.swift */; };
		7510BF492A8D77DC00419FAB /* SearchViewModel.swift in Sources */ = {isa = PBXBuildFile; fileRef = 7510BF482A8D77DC00419FAB /* SearchViewModel.swift */; };
		7510BF4B2A8D77E800419FAB /* PostViewModel.swift in Sources */ = {isa = PBXBuildFile; fileRef = 7510BF4A2A8D77E800419FAB /* PostViewModel.swift */; };
		7510BF4D2A8D77F000419FAB /* UserViewModel.swift in Sources */ = {isa = PBXBuildFile; fileRef = 7510BF4C2A8D77F000419FAB /* UserViewModel.swift */; };
		7510BF502A8D780100419FAB /* RegisterViewModel.swift in Sources */ = {isa = PBXBuildFile; fileRef = 7510BF4F2A8D780100419FAB /* RegisterViewModel.swift */; };
		7510BF522A8D780A00419FAB /* LoginViewModel.swift in Sources */ = {isa = PBXBuildFile; fileRef = 7510BF512A8D780A00419FAB /* LoginViewModel.swift */; };
		7510BF542A8D781D00419FAB /* NetworkManager.swift in Sources */ = {isa = PBXBuildFile; fileRef = 7510BF532A8D781D00419FAB /* NetworkManager.swift */; };
		7510BF562A8D783200419FAB /* SettingsView.swift in Sources */ = {isa = PBXBuildFile; fileRef = 7510BF552A8D783200419FAB /* SettingsView.swift */; };
		7510BF5B2A8D786C00419FAB /* NavigateProfileView.swift in Sources */ = {isa = PBXBuildFile; fileRef = 7510BF5A2A8D786C00419FAB /* NavigateProfileView.swift */; };
		7510BF5E2A8D788700419FAB /* ProfileView.swift in Sources */ = {isa = PBXBuildFile; fileRef = 7510BF5D2A8D788700419FAB /* ProfileView.swift */; };
		7510BF602A8D789200419FAB /* TabbarView.swift in Sources */ = {isa = PBXBuildFile; fileRef = 7510BF5F2A8D789200419FAB /* TabbarView.swift */; };
		7510BF622A8D789B00419FAB /* HomeView.swift in Sources */ = {isa = PBXBuildFile; fileRef = 7510BF612A8D789B00419FAB /* HomeView.swift */; };
		7510BF642A8D78A200419FAB /* AddPostView.swift in Sources */ = {isa = PBXBuildFile; fileRef = 7510BF632A8D78A200419FAB /* AddPostView.swift */; };
		7510BF662A8D78B800419FAB /* LoginView.swift in Sources */ = {isa = PBXBuildFile; fileRef = 7510BF652A8D78B800419FAB /* LoginView.swift */; };
		7510BF682A8D78C000419FAB /* RegisterView.swift in Sources */ = {isa = PBXBuildFile; fileRef = 7510BF672A8D78C000419FAB /* RegisterView.swift */; };
		7510BF6A2A8D78CD00419FAB /* LoginRegisterView.swift in Sources */ = {isa = PBXBuildFile; fileRef = 7510BF692A8D78CD00419FAB /* LoginRegisterView.swift */; };
		7510BF6C2A8D78E800419FAB /* CardView.swift in Sources */ = {isa = PBXBuildFile; fileRef = 7510BF6B2A8D78E800419FAB /* CardView.swift */; };
		7510BF702A8D78FF00419FAB /* PostsListView.swift in Sources */ = {isa = PBXBuildFile; fileRef = 7510BF6F2A8D78FF00419FAB /* PostsListView.swift */; };
		7510BF722A8D791800419FAB /* SearchedPostsView.swift in Sources */ = {isa = PBXBuildFile; fileRef = 7510BF712A8D791800419FAB /* SearchedPostsView.swift */; };
		755FF75B2A9B7AE500DEBDEB /* LikeModel.swift in Sources */ = {isa = PBXBuildFile; fileRef = 755FF75A2A9B7AE500DEBDEB /* LikeModel.swift */; };
		755FF75D2A9B7B5A00DEBDEB /* LikeViewModel.swift in Sources */ = {isa = PBXBuildFile; fileRef = 755FF75C2A9B7B5A00DEBDEB /* LikeViewModel.swift */; };
/* End PBXBuildFile section */

/* Begin PBXFileReference section */
		7510BF2B2A8D76FE00419FAB /* RestApi-CrudApp.app */ = {isa = PBXFileReference; explicitFileType = wrapper.application; includeInIndex = 0; path = "RestApi-CrudApp.app"; sourceTree = BUILT_PRODUCTS_DIR; };
		7510BF2E2A8D76FE00419FAB /* RestApi_CrudAppApp.swift */ = {isa = PBXFileReference; lastKnownFileType = sourcecode.swift; path = RestApi_CrudAppApp.swift; sourceTree = "<group>"; };
		7510BF302A8D76FE00419FAB /* ContentView.swift */ = {isa = PBXFileReference; lastKnownFileType = sourcecode.swift; path = ContentView.swift; sourceTree = "<group>"; };
		7510BF322A8D770000419FAB /* Assets.xcassets */ = {isa = PBXFileReference; lastKnownFileType = folder.assetcatalog; path = Assets.xcassets; sourceTree = "<group>"; };
		7510BF342A8D770000419FAB /* RestApi_CrudApp.entitlements */ = {isa = PBXFileReference; lastKnownFileType = text.plist.entitlements; path = RestApi_CrudApp.entitlements; sourceTree = "<group>"; };
		7510BF362A8D770000419FAB /* Preview Assets.xcassets */ = {isa = PBXFileReference; lastKnownFileType = folder.assetcatalog; path = "Preview Assets.xcassets"; sourceTree = "<group>"; };
		7510BF422A8D77AC00419FAB /* UserModel.swift */ = {isa = PBXFileReference; lastKnownFileType = sourcecode.swift; path = UserModel.swift; sourceTree = "<group>"; };
		7510BF442A8D77B200419FAB /* PostModel.swift */ = {isa = PBXFileReference; lastKnownFileType = sourcecode.swift; path = PostModel.swift; sourceTree = "<group>"; };
		7510BF462A8D77BB00419FAB /* Response.swift */ = {isa = PBXFileReference; lastKnownFileType = sourcecode.swift; path = Response.swift; sourceTree = "<group>"; };
		7510BF482A8D77DC00419FAB /* SearchViewModel.swift */ = {isa = PBXFileReference; lastKnownFileType = sourcecode.swift; path = SearchViewModel.swift; sourceTree = "<group>"; };
		7510BF4A2A8D77E800419FAB /* PostViewModel.swift */ = {isa = PBXFileReference; lastKnownFileType = sourcecode.swift; path = PostViewModel.swift; sourceTree = "<group>"; };
		7510BF4C2A8D77F000419FAB /* UserViewModel.swift */ = {isa = PBXFileReference; lastKnownFileType = sourcecode.swift; path = UserViewModel.swift; sourceTree = "<group>"; };
		7510BF4F2A8D780100419FAB /* RegisterViewModel.swift */ = {isa = PBXFileReference; lastKnownFileType = sourcecode.swift; path = RegisterViewModel.swift; sourceTree = "<group>"; };
		7510BF512A8D780A00419FAB /* LoginViewModel.swift */ = {isa = PBXFileReference; lastKnownFileType = sourcecode.swift; path = LoginViewModel.swift; sourceTree = "<group>"; };
		7510BF532A8D781D00419FAB /* NetworkManager.swift */ = {isa = PBXFileReference; lastKnownFileType = sourcecode.swift; path = NetworkManager.swift; sourceTree = "<group>"; };
		7510BF552A8D783200419FAB /* SettingsView.swift */ = {isa = PBXFileReference; lastKnownFileType = sourcecode.swift; path = SettingsView.swift; sourceTree = "<group>"; };
		7510BF5A2A8D786C00419FAB /* NavigateProfileView.swift */ = {isa = PBXFileReference; lastKnownFileType = sourcecode.swift; path = NavigateProfileView.swift; sourceTree = "<group>"; };
		7510BF5D2A8D788700419FAB /* ProfileView.swift */ = {isa = PBXFileReference; lastKnownFileType = sourcecode.swift; path = ProfileView.swift; sourceTree = "<group>"; };
		7510BF5F2A8D789200419FAB /* TabbarView.swift */ = {isa = PBXFileReference; lastKnownFileType = sourcecode.swift; path = TabbarView.swift; sourceTree = "<group>"; };
		7510BF612A8D789B00419FAB /* HomeView.swift */ = {isa = PBXFileReference; lastKnownFileType = sourcecode.swift; path = HomeView.swift; sourceTree = "<group>"; };
		7510BF632A8D78A200419FAB /* AddPostView.swift */ = {isa = PBXFileReference; lastKnownFileType = sourcecode.swift; path = AddPostView.swift; sourceTree = "<group>"; };
		7510BF652A8D78B800419FAB /* LoginView.swift */ = {isa = PBXFileReference; lastKnownFileType = sourcecode.swift; path = LoginView.swift; sourceTree = "<group>"; };
		7510BF672A8D78C000419FAB /* RegisterView.swift */ = {isa = PBXFileReference; lastKnownFileType = sourcecode.swift; path = RegisterView.swift; sourceTree = "<group>"; };
		7510BF692A8D78CD00419FAB /* LoginRegisterView.swift */ = {isa = PBXFileReference; lastKnownFileType = sourcecode.swift; path = LoginRegisterView.swift; sourceTree = "<group>"; };
		7510BF6B2A8D78E800419FAB /* CardView.swift */ = {isa = PBXFileReference; lastKnownFileType = sourcecode.swift; path = CardView.swift; sourceTree = "<group>"; };
		7510BF6F2A8D78FF00419FAB /* PostsListView.swift */ = {isa = PBXFileReference; lastKnownFileType = sourcecode.swift; path = PostsListView.swift; sourceTree = "<group>"; };
		7510BF712A8D791800419FAB /* SearchedPostsView.swift */ = {isa = PBXFileReference; lastKnownFileType = sourcecode.swift; path = SearchedPostsView.swift; sourceTree = "<group>"; };
		755FF75A2A9B7AE500DEBDEB /* LikeModel.swift */ = {isa = PBXFileReference; lastKnownFileType = sourcecode.swift; path = LikeModel.swift; sourceTree = "<group>"; };
		755FF75C2A9B7B5A00DEBDEB /* LikeViewModel.swift */ = {isa = PBXFileReference; lastKnownFileType = sourcecode.swift; path = LikeViewModel.swift; sourceTree = "<group>"; };
/* End PBXFileReference section */

/* Begin PBXFrameworksBuildPhase section */
		7510BF282A8D76FE00419FAB /* Frameworks */ = {
			isa = PBXFrameworksBuildPhase;
			buildActionMask = 2147483647;
			files = (
			);
			runOnlyForDeploymentPostprocessing = 0;
		};
/* End PBXFrameworksBuildPhase section */

/* Begin PBXGroup section */
		7510BF222A8D76FE00419FAB = {
			isa = PBXGroup;
			children = (
				7510BF2D2A8D76FE00419FAB /* RestApi-CrudApp */,
				7510BF2C2A8D76FE00419FAB /* Products */,
			);
			sourceTree = "<group>";
		};
		7510BF2C2A8D76FE00419FAB /* Products */ = {
			isa = PBXGroup;
			children = (
				7510BF2B2A8D76FE00419FAB /* RestApi-CrudApp.app */,
			);
			name = Products;
			sourceTree = "<group>";
		};
		7510BF2D2A8D76FE00419FAB /* RestApi-CrudApp */ = {
			isa = PBXGroup;
			children = (
				7510BF2E2A8D76FE00419FAB /* RestApi_CrudAppApp.swift */,
				7510BF3D2A8D776500419FAB /* Models */,
				7510BF3E2A8D776C00419FAB /* Views */,
				7510BF3F2A8D777900419FAB /* ViewModels */,
				7510BF402A8D777E00419FAB /* Networking */,
				7510BF322A8D770000419FAB /* Assets.xcassets */,
				7510BF342A8D770000419FAB /* RestApi_CrudApp.entitlements */,
				7510BF352A8D770000419FAB /* Preview Content */,
			);
			path = "RestApi-CrudApp";
			sourceTree = "<group>";
		};
		7510BF352A8D770000419FAB /* Preview Content */ = {
			isa = PBXGroup;
			children = (
				7510BF362A8D770000419FAB /* Preview Assets.xcassets */,
			);
			path = "Preview Content";
			sourceTree = "<group>";
		};
		7510BF3D2A8D776500419FAB /* Models */ = {
			isa = PBXGroup;
			children = (
				7510BF422A8D77AC00419FAB /* UserModel.swift */,
				7510BF442A8D77B200419FAB /* PostModel.swift */,
				7510BF462A8D77BB00419FAB /* Response.swift */,
				755FF75A2A9B7AE500DEBDEB /* LikeModel.swift */,
			);
			path = Models;
			sourceTree = "<group>";
		};
		7510BF3E2A8D776C00419FAB /* Views */ = {
			isa = PBXGroup;
			children = (
				7510BF302A8D76FE00419FAB /* ContentView.swift */,
				7510BF552A8D783200419FAB /* SettingsView.swift */,
				7510BF572A8D783600419FAB /* PostViews */,
				7510BF582A8D783C00419FAB /* TabbarViews */,
				7510BF592A8D784800419FAB /* AuthViews */,
			);
			path = Views;
			sourceTree = "<group>";
		};
		7510BF3F2A8D777900419FAB /* ViewModels */ = {
			isa = PBXGroup;
			children = (
				7510BF4A2A8D77E800419FAB /* PostViewModel.swift */,
				7510BF482A8D77DC00419FAB /* SearchViewModel.swift */,
				7510BF4C2A8D77F000419FAB /* UserViewModel.swift */,
				7510BF4E2A8D77F200419FAB /* AuthViewModels */,
				755FF75C2A9B7B5A00DEBDEB /* LikeViewModel.swift */,
			);
			path = ViewModels;
			sourceTree = "<group>";
		};
		7510BF402A8D777E00419FAB /* Networking */ = {
			isa = PBXGroup;
			children = (
				7510BF532A8D781D00419FAB /* NetworkManager.swift */,
			);
			path = Networking;
			sourceTree = "<group>";
		};
		7510BF4E2A8D77F200419FAB /* AuthViewModels */ = {
			isa = PBXGroup;
			children = (
				7510BF4F2A8D780100419FAB /* RegisterViewModel.swift */,
				7510BF512A8D780A00419FAB /* LoginViewModel.swift */,
			);
			path = AuthViewModels;
			sourceTree = "<group>";
		};
		7510BF572A8D783600419FAB /* PostViews */ = {
			isa = PBXGroup;
			children = (
				7510BF6B2A8D78E800419FAB /* CardView.swift */,
				7510BF6F2A8D78FF00419FAB /* PostsListView.swift */,
				7510BF712A8D791800419FAB /* SearchedPostsView.swift */,
			);
			path = PostViews;
			sourceTree = "<group>";
		};
		7510BF582A8D783C00419FAB /* TabbarViews */ = {
			isa = PBXGroup;
			children = (
				7510BF5F2A8D789200419FAB /* TabbarView.swift */,
				7510BF612A8D789B00419FAB /* HomeView.swift */,
				7510BF632A8D78A200419FAB /* AddPostView.swift */,
				7510BF5C2A8D787500419FAB /* ProfileViews */,
			);
			path = TabbarViews;
			sourceTree = "<group>";
		};
		7510BF592A8D784800419FAB /* AuthViews */ = {
			isa = PBXGroup;
			children = (
				7510BF652A8D78B800419FAB /* LoginView.swift */,
				7510BF672A8D78C000419FAB /* RegisterView.swift */,
				7510BF692A8D78CD00419FAB /* LoginRegisterView.swift */,
			);
			path = AuthViews;
			sourceTree = "<group>";
		};
		7510BF5C2A8D787500419FAB /* ProfileViews */ = {
			isa = PBXGroup;
			children = (
				7510BF5A2A8D786C00419FAB /* NavigateProfileView.swift */,
				7510BF5D2A8D788700419FAB /* ProfileView.swift */,
			);
			path = ProfileViews;
			sourceTree = "<group>";
		};
/* End PBXGroup section */

/* Begin PBXNativeTarget section */
		7510BF2A2A8D76FE00419FAB /* RestApi-CrudApp */ = {
			isa = PBXNativeTarget;
			buildConfigurationList = 7510BF3A2A8D770000419FAB /* Build configuration list for PBXNativeTarget "RestApi-CrudApp" */;
			buildPhases = (
				7510BF272A8D76FE00419FAB /* Sources */,
				7510BF282A8D76FE00419FAB /* Frameworks */,
				7510BF292A8D76FE00419FAB /* Resources */,
			);
			buildRules = (
			);
			dependencies = (
			);
			name = "RestApi-CrudApp";
			productName = "RestApi-CrudApp";
			productReference = 7510BF2B2A8D76FE00419FAB /* RestApi-CrudApp.app */;
			productType = "com.apple.product-type.application";
		};
/* End PBXNativeTarget section */

/* Begin PBXProject section */
		7510BF232A8D76FE00419FAB /* Project object */ = {
			isa = PBXProject;
			attributes = {
				BuildIndependentTargetsInParallel = 1;
				LastSwiftUpdateCheck = 1430;
				LastUpgradeCheck = 1430;
				TargetAttributes = {
					7510BF2A2A8D76FE00419FAB = {
						CreatedOnToolsVersion = 14.3.1;
					};
				};
			};
			buildConfigurationList = 7510BF262A8D76FE00419FAB /* Build configuration list for PBXProject "RestApi-CrudApp" */;
			compatibilityVersion = "Xcode 14.0";
			developmentRegion = en;
			hasScannedForEncodings = 0;
			knownRegions = (
				en,
				Base,
			);
			mainGroup = 7510BF222A8D76FE00419FAB;
			productRefGroup = 7510BF2C2A8D76FE00419FAB /* Products */;
			projectDirPath = "";
			projectRoot = "";
			targets = (
				7510BF2A2A8D76FE00419FAB /* RestApi-CrudApp */,
			);
		};
/* End PBXProject section */

/* Begin PBXResourcesBuildPhase section */
		7510BF292A8D76FE00419FAB /* Resources */ = {
			isa = PBXResourcesBuildPhase;
			buildActionMask = 2147483647;
			files = (
				7510BF372A8D770000419FAB /* Preview Assets.xcassets in Resources */,
				7510BF332A8D770000419FAB /* Assets.xcassets in Resources */,
			);
			runOnlyForDeploymentPostprocessing = 0;
		};
/* End PBXResourcesBuildPhase section */

/* Begin PBXSourcesBuildPhase section */
		7510BF272A8D76FE00419FAB /* Sources */ = {
			isa = PBXSourcesBuildPhase;
			buildActionMask = 2147483647;
			files = (
				7510BF492A8D77DC00419FAB /* SearchViewModel.swift in Sources */,
				7510BF4D2A8D77F000419FAB /* UserViewModel.swift in Sources */,
				755FF75B2A9B7AE500DEBDEB /* LikeModel.swift in Sources */,
				7510BF4B2A8D77E800419FAB /* PostViewModel.swift in Sources */,
				7510BF602A8D789200419FAB /* TabbarView.swift in Sources */,
				7510BF5B2A8D786C00419FAB /* NavigateProfileView.swift in Sources */,
				7510BF312A8D76FE00419FAB /* ContentView.swift in Sources */,
				7510BF542A8D781D00419FAB /* NetworkManager.swift in Sources */,
				7510BF452A8D77B200419FAB /* PostModel.swift in Sources */,
				7510BF682A8D78C000419FAB /* RegisterView.swift in Sources */,
				7510BF432A8D77AC00419FAB /* UserModel.swift in Sources */,
				7510BF2F2A8D76FE00419FAB /* RestApi_CrudAppApp.swift in Sources */,
				7510BF502A8D780100419FAB /* RegisterViewModel.swift in Sources */,
				7510BF6C2A8D78E800419FAB /* CardView.swift in Sources */,
				7510BF562A8D783200419FAB /* SettingsView.swift in Sources */,
				7510BF662A8D78B800419FAB /* LoginView.swift in Sources */,
				7510BF522A8D780A00419FAB /* LoginViewModel.swift in Sources */,
				7510BF622A8D789B00419FAB /* HomeView.swift in Sources */,
				7510BF702A8D78FF00419FAB /* PostsListView.swift in Sources */,
				7510BF642A8D78A200419FAB /* AddPostView.swift in Sources */,
				7510BF5E2A8D788700419FAB /* ProfileView.swift in Sources */,
				755FF75D2A9B7B5A00DEBDEB /* LikeViewModel.swift in Sources */,
				7510BF472A8D77BB00419FAB /* Response.swift in Sources */,
				7510BF722A8D791800419FAB /* SearchedPostsView.swift in Sources */,
				7510BF6A2A8D78CD00419FAB /* LoginRegisterView.swift in Sources */,
			);
			runOnlyForDeploymentPostprocessing = 0;
		};
/* End PBXSourcesBuildPhase section */

/* Begin XCBuildConfiguration section */
		7510BF382A8D770000419FAB /* Debug */ = {
			isa = XCBuildConfiguration;
			buildSettings = {
				ALWAYS_SEARCH_USER_PATHS = NO;
				CLANG_ANALYZER_NONNULL = YES;
				CLANG_ANALYZER_NUMBER_OBJECT_CONVERSION = YES_AGGRESSIVE;
				CLANG_CXX_LANGUAGE_STANDARD = "gnu++20";
				CLANG_ENABLE_MODULES = YES;
				CLANG_ENABLE_OBJC_ARC = YES;
				CLANG_ENABLE_OBJC_WEAK = YES;
				CLANG_WARN_BLOCK_CAPTURE_AUTORELEASING = YES;
				CLANG_WARN_BOOL_CONVERSION = YES;
				CLANG_WARN_COMMA = YES;
				CLANG_WARN_CONSTANT_CONVERSION = YES;
				CLANG_WARN_DEPRECATED_OBJC_IMPLEMENTATIONS = YES;
				CLANG_WARN_DIRECT_OBJC_ISA_USAGE = YES_ERROR;
				CLANG_WARN_DOCUMENTATION_COMMENTS = YES;
				CLANG_WARN_EMPTY_BODY = YES;
				CLANG_WARN_ENUM_CONVERSION = YES;
				CLANG_WARN_INFINITE_RECURSION = YES;
				CLANG_WARN_INT_CONVERSION = YES;
				CLANG_WARN_NON_LITERAL_NULL_CONVERSION = YES;
				CLANG_WARN_OBJC_IMPLICIT_RETAIN_SELF = YES;
				CLANG_WARN_OBJC_LITERAL_CONVERSION = YES;
				CLANG_WARN_OBJC_ROOT_CLASS = YES_ERROR;
				CLANG_WARN_QUOTED_INCLUDE_IN_FRAMEWORK_HEADER = YES;
				CLANG_WARN_RANGE_LOOP_ANALYSIS = YES;
				CLANG_WARN_STRICT_PROTOTYPES = YES;
				CLANG_WARN_SUSPICIOUS_MOVE = YES;
				CLANG_WARN_UNGUARDED_AVAILABILITY = YES_AGGRESSIVE;
				CLANG_WARN_UNREACHABLE_CODE = YES;
				CLANG_WARN__DUPLICATE_METHOD_MATCH = YES;
				COPY_PHASE_STRIP = NO;
				DEBUG_INFORMATION_FORMAT = dwarf;
				ENABLE_STRICT_OBJC_MSGSEND = YES;
				ENABLE_TESTABILITY = YES;
				GCC_C_LANGUAGE_STANDARD = gnu11;
				GCC_DYNAMIC_NO_PIC = NO;
				GCC_NO_COMMON_BLOCKS = YES;
				GCC_OPTIMIZATION_LEVEL = 0;
				GCC_PREPROCESSOR_DEFINITIONS = (
					"DEBUG=1",
					"$(inherited)",
				);
				GCC_WARN_64_TO_32_BIT_CONVERSION = YES;
				GCC_WARN_ABOUT_RETURN_TYPE = YES_ERROR;
				GCC_WARN_UNDECLARED_SELECTOR = YES;
				GCC_WARN_UNINITIALIZED_AUTOS = YES_AGGRESSIVE;
				GCC_WARN_UNUSED_FUNCTION = YES;
				GCC_WARN_UNUSED_VARIABLE = YES;
				MTL_ENABLE_DEBUG_INFO = INCLUDE_SOURCE;
				MTL_FAST_MATH = YES;
				ONLY_ACTIVE_ARCH = YES;
				SWIFT_ACTIVE_COMPILATION_CONDITIONS = DEBUG;
				SWIFT_OPTIMIZATION_LEVEL = "-Onone";
			};
			name = Debug;
		};
		7510BF392A8D770000419FAB /* Release */ = {
			isa = XCBuildConfiguration;
			buildSettings = {
				ALWAYS_SEARCH_USER_PATHS = NO;
				CLANG_ANALYZER_NONNULL = YES;
				CLANG_ANALYZER_NUMBER_OBJECT_CONVERSION = YES_AGGRESSIVE;
				CLANG_CXX_LANGUAGE_STANDARD = "gnu++20";
				CLANG_ENABLE_MODULES = YES;
				CLANG_ENABLE_OBJC_ARC = YES;
				CLANG_ENABLE_OBJC_WEAK = YES;
				CLANG_WARN_BLOCK_CAPTURE_AUTORELEASING = YES;
				CLANG_WARN_BOOL_CONVERSION = YES;
				CLANG_WARN_COMMA = YES;
				CLANG_WARN_CONSTANT_CONVERSION = YES;
				CLANG_WARN_DEPRECATED_OBJC_IMPLEMENTATIONS = YES;
				CLANG_WARN_DIRECT_OBJC_ISA_USAGE = YES_ERROR;
				CLANG_WARN_DOCUMENTATION_COMMENTS = YES;
				CLANG_WARN_EMPTY_BODY = YES;
				CLANG_WARN_ENUM_CONVERSION = YES;
				CLANG_WARN_INFINITE_RECURSION = YES;
				CLANG_WARN_INT_CONVERSION = YES;
				CLANG_WARN_NON_LITERAL_NULL_CONVERSION = YES;
				CLANG_WARN_OBJC_IMPLICIT_RETAIN_SELF = YES;
				CLANG_WARN_OBJC_LITERAL_CONVERSION = YES;
				CLANG_WARN_OBJC_ROOT_CLASS = YES_ERROR;
				CLANG_WARN_QUOTED_INCLUDE_IN_FRAMEWORK_HEADER = YES;
				CLANG_WARN_RANGE_LOOP_ANALYSIS = YES;
				CLANG_WARN_STRICT_PROTOTYPES = YES;
				CLANG_WARN_SUSPICIOUS_MOVE = YES;
				CLANG_WARN_UNGUARDED_AVAILABILITY = YES_AGGRESSIVE;
				CLANG_WARN_UNREACHABLE_CODE = YES;
				CLANG_WARN__DUPLICATE_METHOD_MATCH = YES;
				COPY_PHASE_STRIP = NO;
				DEBUG_INFORMATION_FORMAT = "dwarf-with-dsym";
				ENABLE_NS_ASSERTIONS = NO;
				ENABLE_STRICT_OBJC_MSGSEND = YES;
				GCC_C_LANGUAGE_STANDARD = gnu11;
				GCC_NO_COMMON_BLOCKS = YES;
				GCC_WARN_64_TO_32_BIT_CONVERSION = YES;
				GCC_WARN_ABOUT_RETURN_TYPE = YES_ERROR;
				GCC_WARN_UNDECLARED_SELECTOR = YES;
				GCC_WARN_UNINITIALIZED_AUTOS = YES_AGGRESSIVE;
				GCC_WARN_UNUSED_FUNCTION = YES;
				GCC_WARN_UNUSED_VARIABLE = YES;
				MTL_ENABLE_DEBUG_INFO = NO;
				MTL_FAST_MATH = YES;
				SWIFT_COMPILATION_MODE = wholemodule;
				SWIFT_OPTIMIZATION_LEVEL = "-O";
			};
			name = Release;
		};
		7510BF3B2A8D770000419FAB /* Debug */ = {
			isa = XCBuildConfiguration;
			buildSettings = {
				ASSETCATALOG_COMPILER_APPICON_NAME = AppIcon;
				ASSETCATALOG_COMPILER_GLOBAL_ACCENT_COLOR_NAME = AccentColor;
				CODE_SIGN_ENTITLEMENTS = "RestApi-CrudApp/RestApi_CrudApp.entitlements";
				CODE_SIGN_STYLE = Automatic;
				CURRENT_PROJECT_VERSION = 1;
				DEVELOPMENT_ASSET_PATHS = "\"RestApi-CrudApp/Preview Content\"";
				DEVELOPMENT_TEAM = QP4938RZX5;
				ENABLE_HARDENED_RUNTIME = YES;
				ENABLE_PREVIEWS = YES;
				GENERATE_INFOPLIST_FILE = YES;
				"INFOPLIST_KEY_UIApplicationSceneManifest_Generation[sdk=iphoneos*]" = YES;
				"INFOPLIST_KEY_UIApplicationSceneManifest_Generation[sdk=iphonesimulator*]" = YES;
				"INFOPLIST_KEY_UIApplicationSupportsIndirectInputEvents[sdk=iphoneos*]" = YES;
				"INFOPLIST_KEY_UIApplicationSupportsIndirectInputEvents[sdk=iphonesimulator*]" = YES;
				"INFOPLIST_KEY_UILaunchScreen_Generation[sdk=iphoneos*]" = YES;
				"INFOPLIST_KEY_UILaunchScreen_Generation[sdk=iphonesimulator*]" = YES;
				"INFOPLIST_KEY_UIStatusBarStyle[sdk=iphoneos*]" = UIStatusBarStyleDefault;
				"INFOPLIST_KEY_UIStatusBarStyle[sdk=iphonesimulator*]" = UIStatusBarStyleDefault;
				INFOPLIST_KEY_UISupportedInterfaceOrientations_iPad = "UIInterfaceOrientationPortrait UIInterfaceOrientationPortraitUpsideDown UIInterfaceOrientationLandscapeLeft UIInterfaceOrientationLandscapeRight";
				INFOPLIST_KEY_UISupportedInterfaceOrientations_iPhone = "UIInterfaceOrientationPortrait UIInterfaceOrientationLandscapeLeft UIInterfaceOrientationLandscapeRight";
				IPHONEOS_DEPLOYMENT_TARGET = 16.4;
				LD_RUNPATH_SEARCH_PATHS = "@executable_path/Frameworks";
				"LD_RUNPATH_SEARCH_PATHS[sdk=macosx*]" = "@executable_path/../Frameworks";
				MACOSX_DEPLOYMENT_TARGET = 13.3;
				MARKETING_VERSION = 1.0;
				PRODUCT_BUNDLE_IDENTIFIER = "SerdarK.RestApi-CrudApp";
				PRODUCT_NAME = "$(TARGET_NAME)";
				SDKROOT = auto;
				SUPPORTED_PLATFORMS = "iphoneos iphonesimulator macosx";
				SWIFT_EMIT_LOC_STRINGS = YES;
				SWIFT_VERSION = 5.0;
				TARGETED_DEVICE_FAMILY = "1,2";
			};
			name = Debug;
		};
		7510BF3C2A8D770000419FAB /* Release */ = {
			isa = XCBuildConfiguration;
			buildSettings = {
				ASSETCATALOG_COMPILER_APPICON_NAME = AppIcon;
				ASSETCATALOG_COMPILER_GLOBAL_ACCENT_COLOR_NAME = AccentColor;
				CODE_SIGN_ENTITLEMENTS = "RestApi-CrudApp/RestApi_CrudApp.entitlements";
				CODE_SIGN_STYLE = Automatic;
				CURRENT_PROJECT_VERSION = 1;
				DEVELOPMENT_ASSET_PATHS = "\"RestApi-CrudApp/Preview Content\"";
				DEVELOPMENT_TEAM = QP4938RZX5;
				ENABLE_HARDENED_RUNTIME = YES;
				ENABLE_PREVIEWS = YES;
				GENERATE_INFOPLIST_FILE = YES;
				"INFOPLIST_KEY_UIApplicationSceneManifest_Generation[sdk=iphoneos*]" = YES;
				"INFOPLIST_KEY_UIApplicationSceneManifest_Generation[sdk=iphonesimulator*]" = YES;
				"INFOPLIST_KEY_UIApplicationSupportsIndirectInputEvents[sdk=iphoneos*]" = YES;
				"INFOPLIST_KEY_UIApplicationSupportsIndirectInputEvents[sdk=iphonesimulator*]" = YES;
				"INFOPLIST_KEY_UILaunchScreen_Generation[sdk=iphoneos*]" = YES;
				"INFOPLIST_KEY_UILaunchScreen_Generation[sdk=iphonesimulator*]" = YES;
				"INFOPLIST_KEY_UIStatusBarStyle[sdk=iphoneos*]" = UIStatusBarStyleDefault;
				"INFOPLIST_KEY_UIStatusBarStyle[sdk=iphonesimulator*]" = UIStatusBarStyleDefault;
				INFOPLIST_KEY_UISupportedInterfaceOrientations_iPad = "UIInterfaceOrientationPortrait UIInterfaceOrientationPortraitUpsideDown UIInterfaceOrientationLandscapeLeft UIInterfaceOrientationLandscapeRight";
				INFOPLIST_KEY_UISupportedInterfaceOrientations_iPhone = "UIInterfaceOrientationPortrait UIInterfaceOrientationLandscapeLeft UIInterfaceOrientationLandscapeRight";
				IPHONEOS_DEPLOYMENT_TARGET = 16.4;
				LD_RUNPATH_SEARCH_PATHS = "@executable_path/Frameworks";
				"LD_RUNPATH_SEARCH_PATHS[sdk=macosx*]" = "@executable_path/../Frameworks";
				MACOSX_DEPLOYMENT_TARGET = 13.3;
				MARKETING_VERSION = 1.0;
				PRODUCT_BUNDLE_IDENTIFIER = "SerdarK.RestApi-CrudApp";
				PRODUCT_NAME = "$(TARGET_NAME)";
				SDKROOT = auto;
				SUPPORTED_PLATFORMS = "iphoneos iphonesimulator macosx";
				SWIFT_EMIT_LOC_STRINGS = YES;
				SWIFT_VERSION = 5.0;
				TARGETED_DEVICE_FAMILY = "1,2";
			};
			name = Release;
		};
/* End XCBuildConfiguration section */

/* Begin XCConfigurationList section */
		7510BF262A8D76FE00419FAB /* Build configuration list for PBXProject "RestApi-CrudApp" */ = {
			isa = XCConfigurationList;
			buildConfigurations = (
				7510BF382A8D770000419FAB /* Debug */,
				7510BF392A8D770000419FAB /* Release */,
			);
			defaultConfigurationIsVisible = 0;
			defaultConfigurationName = Release;
		};
		7510BF3A2A8D770000419FAB /* Build configuration list for PBXNativeTarget "RestApi-CrudApp" */ = {
			isa = XCConfigurationList;
			buildConfigurations = (
				7510BF3B2A8D770000419FAB /* Debug */,
				7510BF3C2A8D770000419FAB /* Release */,
			);
			defaultConfigurationIsVisible = 0;
			defaultConfigurationName = Release;
		};
/* End XCConfigurationList section */
	};
	rootObject = 7510BF232A8D76FE00419FAB /* Project object */;
}
